
Microsoft Visual Studio Solution File, Format Version 12.00
# Visual Studio Version 17
VisualStudioVersion = 17.9.34714.143
MinimumVisualStudioVersion = 10.0.40219.1
Project("{FAE04EC0-301F-11D3-BF4B-00C04F79EFBC}") = "AppFinanzasWeb", "AppFinanzasWeb\AppFinanzasWeb.csproj", "{E9DEED47-7A2E-4F94-ADE7-DCF10B7C4E54}"
EndProject
Global
	GlobalSection(SolutionConfigurationPlatforms) = preSolution
		Debug|Any CPU = Debug|Any CPU
		Release|Any CPU = Release|Any CPU
	EndGlobalSection
	GlobalSection(ProjectConfigurationPlatforms) = postSolution
		{E9DEED47-7A2E-4F94-ADE7-DCF10B7C4E54}.Debug|Any CPU.ActiveCfg = Debug|Any CPU
		{E9DEED47-7A2E-4F94-ADE7-DCF10B7C4E54}.Debug|Any CPU.Build.0 = Debug|Any CPU
		{E9DEED47-7A2E-4F94-ADE7-DCF10B7C4E54}.Release|Any CPU.ActiveCfg = Release|Any CPU
		{E9DEED47-7A2E-4F94-ADE7-DCF10B7C4E54}.Release|Any CPU.Build.0 = Release|Any CPU
	EndGlobalSection
	GlobalSection(SolutionProperties) = preSolution
		HideSolutionNode = FALSE
	EndGlobalSection
	GlobalSection(ExtensibilityGlobals) = postSolution
		SolutionGuid = {449B4ACB-2050-4254-8C8A-77E30AF4DFE3}
	EndGlobalSection
EndGlobal
